
Microsoft Visual Studio Solution File, Format Version 12.00
# Visual Studio 15
VisualStudioVersion = 15.0.27703.2042
MinimumVisualStudioVersion = 10.0.40219.1
Project("{9A19103F-16F7-4668-BE54-9A1E7A4F7556}") = "Mystays.TripAdvisor.ConsumerService", "Mystays.TripAdvisor.ConsumerService\Mystays.TripAdvisor.ConsumerService.csproj", "{1C4C285A-72B0-40EC-8887-9BBEBFB32ECE}"
EndProject
Global
	GlobalSection(SolutionConfigurationPlatforms) = preSolution
		Debug|Any CPU = Debug|Any CPU
		Release|Any CPU = Release|Any CPU
	EndGlobalSection
	GlobalSection(ProjectConfigurationPlatforms) = postSolution
		{1C4C285A-72B0-40EC-8887-9BBEBFB32ECE}.Debug|Any CPU.ActiveCfg = Debug|Any CPU
		{1C4C285A-72B0-40EC-8887-9BBEBFB32ECE}.Debug|Any CPU.Build.0 = Debug|Any CPU
		{1C4C285A-72B0-40EC-8887-9BBEBFB32ECE}.Release|Any CPU.ActiveCfg = Release|Any CPU
		{1C4C285A-72B0-40EC-8887-9BBEBFB32ECE}.Release|Any CPU.Build.0 = Release|Any CPU
	EndGlobalSection
	GlobalSection(SolutionProperties) = preSolution
		HideSolutionNode = FALSE
	EndGlobalSection
	GlobalSection(ExtensibilityGlobals) = postSolution
		SolutionGuid = {6C939CC7-4E70-4776-8834-BA79CA964DBE}
	EndGlobalSection
EndGlobal
